
Microsoft Visual Studio Solution File, Format Version 12.00
# Visual Studio Version 17
VisualStudioVersion = 17.7.34024.191
MinimumVisualStudioVersion = 10.0.40219.1
Project("{FAE04EC0-301F-11D3-BF4B-00C04F79EFBC}") = "CodingExercies", "CodingExercies.csproj", "{C7B17C32-F473-4540-B140-526403331D25}"
EndProject
Global
	GlobalSection(SolutionConfigurationPlatforms) = preSolution
		Debug|Any CPU = Debug|Any CPU
		Release|Any CPU = Release|Any CPU
	EndGlobalSection
	GlobalSection(ProjectConfigurationPlatforms) = postSolution
		{C7B17C32-F473-4540-B140-526403331D25}.Debug|Any CPU.ActiveCfg = Debug|Any CPU
		{C7B17C32-F473-4540-B140-526403331D25}.Debug|Any CPU.Build.0 = Debug|Any CPU
		{C7B17C32-F473-4540-B140-526403331D25}.Release|Any CPU.ActiveCfg = Release|Any CPU
		{C7B17C32-F473-4540-B140-526403331D25}.Release|Any CPU.Build.0 = Release|Any CPU
	EndGlobalSection
	GlobalSection(SolutionProperties) = preSolution
		HideSolutionNode = FALSE
	EndGlobalSection
	GlobalSection(ExtensibilityGlobals) = postSolution
		SolutionGuid = {A7F8E9E1-6788-4566-9EBC-A6068A7BF492}
	EndGlobalSection
EndGlobal
